// !$*UTF8*$!
{
	archiveVersion = 1;
	classes = {
	};
	objectVersion = 56;
	objects = {

/* Begin PBXBuildFile section */
		991212462BC3B2E500CABF50 /* Translate_MeApp.swift in Sources */ = {isa = PBXBuildFile; fileRef = 991212452BC3B2E500CABF50 /* Translate_MeApp.swift */; };
		991212482BC3B2E500CABF50 /* ContentView.swift in Sources */ = {isa = PBXBuildFile; fileRef = 991212472BC3B2E500CABF50 /* ContentView.swift */; };
		9912124A2BC3B2E800CABF50 /* Assets.xcassets in Resources */ = {isa = PBXBuildFile; fileRef = 991212492BC3B2E800CABF50 /* Assets.xcassets */; };
		9912124D2BC3B2E800CABF50 /* Preview Assets.xcassets in Resources */ = {isa = PBXBuildFile; fileRef = 9912124C2BC3B2E800CABF50 /* Preview Assets.xcassets */; };
		991212572BC3B2E800CABF50 /* Translate_MeTests.swift in Sources */ = {isa = PBXBuildFile; fileRef = 991212562BC3B2E800CABF50 /* Translate_MeTests.swift */; };
		991212612BC3B2E800CABF50 /* Translate_MeUITests.swift in Sources */ = {isa = PBXBuildFile; fileRef = 991212602BC3B2E800CABF50 /* Translate_MeUITests.swift */; };
		991212632BC3B2E800CABF50 /* Translate_MeUITestsLaunchTests.swift in Sources */ = {isa = PBXBuildFile; fileRef = 991212622BC3B2E800CABF50 /* Translate_MeUITestsLaunchTests.swift */; };
/* End PBXBuildFile section */

/* Begin PBXContainerItemProxy section */
		991212532BC3B2E800CABF50 /* PBXContainerItemProxy */ = {
			isa = PBXContainerItemProxy;
			containerPortal = 9912123A2BC3B2E500CABF50 /* Project object */;
			proxyType = 1;
			remoteGlobalIDString = 991212412BC3B2E500CABF50;
			remoteInfo = "Translate-Me";
		};
		9912125D2BC3B2E800CABF50 /* PBXContainerItemProxy */ = {
			isa = PBXContainerItemProxy;
			containerPortal = 9912123A2BC3B2E500CABF50 /* Project object */;
			proxyType = 1;
			remoteGlobalIDString = 991212412BC3B2E500CABF50;
			remoteInfo = "Translate-Me";
		};
/* End PBXContainerItemProxy section */

/* Begin PBXFileReference section */
		991212422BC3B2E500CABF50 /* Translate-Me.app */ = {isa = PBXFileReference; explicitFileType = wrapper.application; includeInIndex = 0; path = "Translate-Me.app"; sourceTree = BUILT_PRODUCTS_DIR; };
		991212452BC3B2E500CABF50 /* Translate_MeApp.swift */ = {isa = PBXFileReference; lastKnownFileType = sourcecode.swift; path = Translate_MeApp.swift; sourceTree = "<group>"; };
		991212472BC3B2E500CABF50 /* ContentView.swift */ = {isa = PBXFileReference; lastKnownFileType = sourcecode.swift; path = ContentView.swift; sourceTree = "<group>"; };
		991212492BC3B2E800CABF50 /* Assets.xcassets */ = {isa = PBXFileReference; lastKnownFileType = folder.assetcatalog; path = Assets.xcassets; sourceTree = "<group>"; };
		9912124C2BC3B2E800CABF50 /* Preview Assets.xcassets */ = {isa = PBXFileReference; lastKnownFileType = folder.assetcatalog; path = "Preview Assets.xcassets"; sourceTree = "<group>"; };
		991212522BC3B2E800CABF50 /* Translate-MeTests.xctest */ = {isa = PBXFileReference; explicitFileType = wrapper.cfbundle; includeInIndex = 0; path = "Translate-MeTests.xctest"; sourceTree = BUILT_PRODUCTS_DIR; };
		991212562BC3B2E800CABF50 /* Translate_MeTests.swift */ = {isa = PBXFileReference; lastKnownFileType = sourcecode.swift; path = Translate_MeTests.swift; sourceTree = "<group>"; };
		9912125C2BC3B2E800CABF50 /* Translate-MeUITests.xctest */ = {isa = PBXFileReference; explicitFileType = wrapper.cfbundle; includeInIndex = 0; path = "Translate-MeUITests.xctest"; sourceTree = BUILT_PRODUCTS_DIR; };
		991212602BC3B2E800CABF50 /* Translate_MeUITests.swift */ = {isa = PBXFileReference; lastKnownFileType = sourcecode.swift; path = Translate_MeUITests.swift; sourceTree = "<group>"; };
		991212622BC3B2E800CABF50 /* Translate_MeUITestsLaunchTests.swift */ = {isa = PBXFileReference; lastKnownFileType = sourcecode.swift; path = Translate_MeUITestsLaunchTests.swift; sourceTree = "<group>"; };
		9912126F2BC3B3DE00CABF50 /* README.md */ = {isa = PBXFileReference; lastKnownFileType = net.daringfireball.markdown; path = README.md; sourceTree = "<group>"; };
/* End PBXFileReference section */

/* Begin PBXFrameworksBuildPhase section */
		9912123F2BC3B2E500CABF50 /* Frameworks */ = {
			isa = PBXFrameworksBuildPhase;
			buildActionMask = 2147483647;
			files = (
			);
			runOnlyForDeploymentPostprocessing = 0;
		};
		9912124F2BC3B2E800CABF50 /* Frameworks */ = {
			isa = PBXFrameworksBuildPhase;
			buildActionMask = 2147483647;
			files = (
			);
			runOnlyForDeploymentPostprocessing = 0;
		};
		991212592BC3B2E800CABF50 /* Frameworks */ = {
			isa = PBXFrameworksBuildPhase;
			buildActionMask = 2147483647;
			files = (
			);
			runOnlyForDeploymentPostprocessing = 0;
		};
/* End PBXFrameworksBuildPhase section */

/* Begin PBXGroup section */
		991212392BC3B2E500CABF50 = {
			isa = PBXGroup;
			children = (
				9912126F2BC3B3DE00CABF50 /* README.md */,
				991212442BC3B2E500CABF50 /* Translate-Me */,
				991212552BC3B2E800CABF50 /* Translate-MeTests */,
				9912125F2BC3B2E800CABF50 /* Translate-MeUITests */,
				991212432BC3B2E500CABF50 /* Products */,
			);
			sourceTree = "<group>";
		};
		991212432BC3B2E500CABF50 /* Products */ = {
			isa = PBXGroup;
			children = (
				991212422BC3B2E500CABF50 /* Translate-Me.app */,
				991212522BC3B2E800CABF50 /* Translate-MeTests.xctest */,
				9912125C2BC3B2E800CABF50 /* Translate-MeUITests.xctest */,
			);
			name = Products;
			sourceTree = "<group>";
		};
		991212442BC3B2E500CABF50 /* Translate-Me */ = {
			isa = PBXGroup;
			children = (
				991212452BC3B2E500CABF50 /* Translate_MeApp.swift */,
				991212472BC3B2E500CABF50 /* ContentView.swift */,
				991212492BC3B2E800CABF50 /* Assets.xcassets */,
				9912124B2BC3B2E800CABF50 /* Preview Content */,
			);
			path = "Translate-Me";
			sourceTree = "<group>";
		};
		9912124B2BC3B2E800CABF50 /* Preview Content */ = {
			isa = PBXGroup;
			children = (
				9912124C2BC3B2E800CABF50 /* Preview Assets.xcassets */,
			);
			path = "Preview Content";
			sourceTree = "<group>";
		};
		991212552BC3B2E800CABF50 /* Translate-MeTests */ = {
			isa = PBXGroup;
			children = (
				991212562BC3B2E800CABF50 /* Translate_MeTests.swift */,
			);
			path = "Translate-MeTests";
			sourceTree = "<group>";
		};
		9912125F2BC3B2E800CABF50 /* Translate-MeUITests */ = {
			isa = PBXGroup;
			children = (
				991212602BC3B2E800CABF50 /* Translate_MeUITests.swift */,
				991212622BC3B2E800CABF50 /* Translate_MeUITestsLaunchTests.swift */,
			);
			path = "Translate-MeUITests";
			sourceTree = "<group>";
		};
/* End PBXGroup section */

/* Begin PBXNativeTarget section */
		991212412BC3B2E500CABF50 /* Translate-Me */ = {
			isa = PBXNativeTarget;
			buildConfigurationList = 991212662BC3B2E800CABF50 /* Build configuration list for PBXNativeTarget "Translate-Me" */;
			buildPhases = (
				9912123E2BC3B2E500CABF50 /* Sources */,
				9912123F2BC3B2E500CABF50 /* Frameworks */,
				991212402BC3B2E500CABF50 /* Resources */,
			);
			buildRules = (
			);
			dependencies = (
			);
			name = "Translate-Me";
			productName = "Translate-Me";
			productReference = 991212422BC3B2E500CABF50 /* Translate-Me.app */;
			productType = "com.apple.product-type.application";
		};
		991212512BC3B2E800CABF50 /* Translate-MeTests */ = {
			isa = PBXNativeTarget;
			buildConfigurationList = 991212692BC3B2E800CABF50 /* Build configuration list for PBXNativeTarget "Translate-MeTests" */;
			buildPhases = (
				9912124E2BC3B2E800CABF50 /* Sources */,
				9912124F2BC3B2E800CABF50 /* Frameworks */,
				991212502BC3B2E800CABF50 /* Resources */,
			);
			buildRules = (
			);
			dependencies = (
				991212542BC3B2E800CABF50 /* PBXTargetDependency */,
			);
			name = "Translate-MeTests";
			productName = "Translate-MeTests";
			productReference = 991212522BC3B2E800CABF50 /* Translate-MeTests.xctest */;
			productType = "com.apple.product-type.bundle.unit-test";
		};
		9912125B2BC3B2E800CABF50 /* Translate-MeUITests */ = {
			isa = PBXNativeTarget;
			buildConfigurationList = 9912126C2BC3B2E800CABF50 /* Build configuration list for PBXNativeTarget "Translate-MeUITests" */;
			buildPhases = (
				991212582BC3B2E800CABF50 /* Sources */,
				991212592BC3B2E800CABF50 /* Frameworks */,
				9912125A2BC3B2E800CABF50 /* Resources */,
			);
			buildRules = (
			);
			dependencies = (
				9912125E2BC3B2E800CABF50 /* PBXTargetDependency */,
			);
			name = "Translate-MeUITests";
			productName = "Translate-MeUITests";
			productReference = 9912125C2BC3B2E800CABF50 /* Translate-MeUITests.xctest */;
			productType = "com.apple.product-type.bundle.ui-testing";
		};
/* End PBXNativeTarget section */

/* Begin PBXProject section */
		9912123A2BC3B2E500CABF50 /* Project object */ = {
			isa = PBXProject;
			attributes = {
				BuildIndependentTargetsInParallel = 1;
				LastSwiftUpdateCheck = 1530;
				LastUpgradeCheck = 1530;
				TargetAttributes = {
					991212412BC3B2E500CABF50 = {
						CreatedOnToolsVersion = 15.3;
					};
					991212512BC3B2E800CABF50 = {
						CreatedOnToolsVersion = 15.3;
						TestTargetID = 991212412BC3B2E500CABF50;
					};
					9912125B2BC3B2E800CABF50 = {
						CreatedOnToolsVersion = 15.3;
						TestTargetID = 991212412BC3B2E500CABF50;
					};
				};
			};
			buildConfigurationList = 9912123D2BC3B2E500CABF50 /* Build configuration list for PBXProject "Translate-Me" */;
			compatibilityVersion = "Xcode 14.0";
			developmentRegion = en;
			hasScannedForEncodings = 0;
			knownRegions = (
				en,
				Base,
			);
			mainGroup = 991212392BC3B2E500CABF50;
			productRefGroup = 991212432BC3B2E500CABF50 /* Products */;
			projectDirPath = "";
			projectRoot = "";
			targets = (
				991212412BC3B2E500CABF50 /* Translate-Me */,
				991212512BC3B2E800CABF50 /* Translate-MeTests */,
				9912125B2BC3B2E800CABF50 /* Translate-MeUITests */,
			);
		};
/* End PBXProject section */

/* Begin PBXResourcesBuildPhase section */
		991212402BC3B2E500CABF50 /* Resources */ = {
			isa = PBXResourcesBuildPhase;
			buildActionMask = 2147483647;
			files = (
				9912124D2BC3B2E800CABF50 /* Preview Assets.xcassets in Resources */,
				9912124A2BC3B2E800CABF50 /* Assets.xcassets in Resources */,
			);
			runOnlyForDeploymentPostprocessing = 0;
		};
		991212502BC3B2E800CABF50 /* Resources */ = {
			isa = PBXResourcesBuildPhase;
			buildActionMask = 2147483647;
			files = (
			);
			runOnlyForDeploymentPostprocessing = 0;
		};
		9912125A2BC3B2E800CABF50 /* Resources */ = {
			isa = PBXResourcesBuildPhase;
			buildActionMask = 2147483647;
			files = (
			);
			runOnlyForDeploymentPostprocessing = 0;
		};
/* End PBXResourcesBuildPhase section */

/* Begin PBXSourcesBuildPhase section */
		9912123E2BC3B2E500CABF50 /* Sources */ = {
			isa = PBXSourcesBuildPhase;
			buildActionMask = 2147483647;
			files = (
				991212482BC3B2E500CABF50 /* ContentView.swift in Sources */,
				991212462BC3B2E500CABF50 /* Translate_MeApp.swift in Sources */,
			);
			runOnlyForDeploymentPostprocessing = 0;
		};
		9912124E2BC3B2E800CABF50 /* Sources */ = {
			isa = PBXSourcesBuildPhase;
			buildActionMask = 2147483647;
			files = (
				991212572BC3B2E800CABF50 /* Translate_MeTests.swift in Sources */,
			);
			runOnlyForDeploymentPostprocessing = 0;
		};
		991212582BC3B2E800CABF50 /* Sources */ = {
			isa = PBXSourcesBuildPhase;
			buildActionMask = 2147483647;
			files = (
				991212612BC3B2E800CABF50 /* Translate_MeUITests.swift in Sources */,
				991212632BC3B2E800CABF50 /* Translate_MeUITestsLaunchTests.swift in Sources */,
			);
			runOnlyForDeploymentPostprocessing = 0;
		};
/* End PBXSourcesBuildPhase section */

/* Begin PBXTargetDependency section */
		991212542BC3B2E800CABF50 /* PBXTargetDependency */ = {
			isa = PBXTargetDependency;
			target = 991212412BC3B2E500CABF50 /* Translate-Me */;
			targetProxy = 991212532BC3B2E800CABF50 /* PBXContainerItemProxy */;
		};
		9912125E2BC3B2E800CABF50 /* PBXTargetDependency */ = {
			isa = PBXTargetDependency;
			target = 991212412BC3B2E500CABF50 /* Translate-Me */;
			targetProxy = 9912125D2BC3B2E800CABF50 /* PBXContainerItemProxy */;
		};
/* End PBXTargetDependency section */

/* Begin XCBuildConfiguration section */
		991212642BC3B2E800CABF50 /* Debug */ = {
			isa = XCBuildConfiguration;
			buildSettings = {
				ALWAYS_SEARCH_USER_PATHS = NO;
				ASSETCATALOG_COMPILER_GENERATE_SWIFT_ASSET_SYMBOL_EXTENSIONS = YES;
				CLANG_ANALYZER_NONNULL = YES;
				CLANG_ANALYZER_NUMBER_OBJECT_CONVERSION = YES_AGGRESSIVE;
				CLANG_CXX_LANGUAGE_STANDARD = "gnu++20";
				CLANG_ENABLE_MODULES = YES;
				CLANG_ENABLE_OBJC_ARC = YES;
				CLANG_ENABLE_OBJC_WEAK = YES;
				CLANG_WARN_BLOCK_CAPTURE_AUTORELEASING = YES;
				CLANG_WARN_BOOL_CONVERSION = YES;
				CLANG_WARN_COMMA = YES;
				CLANG_WARN_CONSTANT_CONVERSION = YES;
				CLANG_WARN_DEPRECATED_OBJC_IMPLEMENTATIONS = YES;
				CLANG_WARN_DIRECT_OBJC_ISA_USAGE = YES_ERROR;
				CLANG_WARN_DOCUMENTATION_COMMENTS = YES;
				CLANG_WARN_EMPTY_BODY = YES;
				CLANG_WARN_ENUM_CONVERSION = YES;
				CLANG_WARN_INFINITE_RECURSION = YES;
				CLANG_WARN_INT_CONVERSION = YES;
				CLANG_WARN_NON_LITERAL_NULL_CONVERSION = YES;
				CLANG_WARN_OBJC_IMPLICIT_RETAIN_SELF = YES;
				CLANG_WARN_OBJC_LITERAL_CONVERSION = YES;
				CLANG_WARN_OBJC_ROOT_CLASS = YES_ERROR;
				CLANG_WARN_QUOTED_INCLUDE_IN_FRAMEWORK_HEADER = YES;
				CLANG_WARN_RANGE_LOOP_ANALYSIS = YES;
				CLANG_WARN_STRICT_PROTOTYPES = YES;
				CLANG_WARN_SUSPICIOUS_MOVE = YES;
				CLANG_WARN_UNGUARDED_AVAILABILITY = YES_AGGRESSIVE;
				CLANG_WARN_UNREACHABLE_CODE = YES;
				CLANG_WARN__DUPLICATE_METHOD_MATCH = YES;
				COPY_PHASE_STRIP = NO;
				DEBUG_INFORMATION_FORMAT = dwarf;
				ENABLE_STRICT_OBJC_MSGSEND = YES;
				ENABLE_TESTABILITY = YES;
				ENABLE_USER_SCRIPT_SANDBOXING = YES;
				GCC_C_LANGUAGE_STANDARD = gnu17;
				GCC_DYNAMIC_NO_PIC = NO;
				GCC_NO_COMMON_BLOCKS = YES;
				GCC_OPTIMIZATION_LEVEL = 0;
				GCC_PREPROCESSOR_DEFINITIONS = (
					"DEBUG=1",
					"$(inherited)",
				);
				GCC_WARN_64_TO_32_BIT_CONVERSION = YES;
				GCC_WARN_ABOUT_RETURN_TYPE = YES_ERROR;
				GCC_WARN_UNDECLARED_SELECTOR = YES;
				GCC_WARN_UNINITIALIZED_AUTOS = YES_AGGRESSIVE;
				GCC_WARN_UNUSED_FUNCTION = YES;
				GCC_WARN_UNUSED_VARIABLE = YES;
				IPHONEOS_DEPLOYMENT_TARGET = 17.4;
				LOCALIZATION_PREFERS_STRING_CATALOGS = YES;
				MTL_ENABLE_DEBUG_INFO = INCLUDE_SOURCE;
				MTL_FAST_MATH = YES;
				ONLY_ACTIVE_ARCH = YES;
				SDKROOT = iphoneos;
				SWIFT_ACTIVE_COMPILATION_CONDITIONS = "DEBUG $(inherited)";
				SWIFT_OPTIMIZATION_LEVEL = "-Onone";
			};
			name = Debug;
		};
		991212652BC3B2E800CABF50 /* Release */ = {
			isa = XCBuildConfiguration;
			buildSettings = {
				ALWAYS_SEARCH_USER_PATHS = NO;
				ASSETCATALOG_COMPILER_GENERATE_SWIFT_ASSET_SYMBOL_EXTENSIONS = YES;
				CLANG_ANALYZER_NONNULL = YES;
				CLANG_ANALYZER_NUMBER_OBJECT_CONVERSION = YES_AGGRESSIVE;
				CLANG_CXX_LANGUAGE_STANDARD = "gnu++20";
				CLANG_ENABLE_MODULES = YES;
				CLANG_ENABLE_OBJC_ARC = YES;
				CLANG_ENABLE_OBJC_WEAK = YES;
				CLANG_WARN_BLOCK_CAPTURE_AUTORELEASING = YES;
				CLANG_WARN_BOOL_CONVERSION = YES;
				CLANG_WARN_COMMA = YES;
				CLANG_WARN_CONSTANT_CONVERSION = YES;
				CLANG_WARN_DEPRECATED_OBJC_IMPLEMENTATIONS = YES;
				CLANG_WARN_DIRECT_OBJC_ISA_USAGE = YES_ERROR;
				CLANG_WARN_DOCUMENTATION_COMMENTS = YES;
				CLANG_WARN_EMPTY_BODY = YES;
				CLANG_WARN_ENUM_CONVERSION = YES;
				CLANG_WARN_INFINITE_RECURSION = YES;
				CLANG_WARN_INT_CONVERSION = YES;
				CLANG_WARN_NON_LITERAL_NULL_CONVERSION = YES;
				CLANG_WARN_OBJC_IMPLICIT_RETAIN_SELF = YES;
				CLANG_WARN_OBJC_LITERAL_CONVERSION = YES;
				CLANG_WARN_OBJC_ROOT_CLASS = YES_ERROR;
				CLANG_WARN_QUOTED_INCLUDE_IN_FRAMEWORK_HEADER = YES;
				CLANG_WARN_RANGE_LOOP_ANALYSIS = YES;
				CLANG_WARN_STRICT_PROTOTYPES = YES;
				CLANG_WARN_SUSPICIOUS_MOVE = YES;
				CLANG_WARN_UNGUARDED_AVAILABILITY = YES_AGGRESSIVE;
				CLANG_WARN_UNREACHABLE_CODE = YES;
				CLANG_WARN__DUPLICATE_METHOD_MATCH = YES;
				COPY_PHASE_STRIP = NO;
				DEBUG_INFORMATION_FORMAT = "dwarf-with-dsym";
				ENABLE_NS_ASSERTIONS = NO;
				ENABLE_STRICT_OBJC_MSGSEND = YES;
				ENABLE_USER_SCRIPT_SANDBOXING = YES;
				GCC_C_LANGUAGE_STANDARD = gnu17;
				GCC_NO_COMMON_BLOCKS = YES;
				GCC_WARN_64_TO_32_BIT_CONVERSION = YES;
				GCC_WARN_ABOUT_RETURN_TYPE = YES_ERROR;
				GCC_WARN_UNDECLARED_SELECTOR = YES;
				GCC_WARN_UNINITIALIZED_AUTOS = YES_AGGRESSIVE;
				GCC_WARN_UNUSED_FUNCTION = YES;
				GCC_WARN_UNUSED_VARIABLE = YES;
				IPHONEOS_DEPLOYMENT_TARGET = 17.4;
				LOCALIZATION_PREFERS_STRING_CATALOGS = YES;
				MTL_ENABLE_DEBUG_INFO = NO;
				MTL_FAST_MATH = YES;
				SDKROOT = iphoneos;
				SWIFT_COMPILATION_MODE = wholemodule;
				VALIDATE_PRODUCT = YES;
			};
			name = Release;
		};
		991212672BC3B2E800CABF50 /* Debug */ = {
			isa = XCBuildConfiguration;
			buildSettings = {
				ASSETCATALOG_COMPILER_APPICON_NAME = AppIcon;
				ASSETCATALOG_COMPILER_GLOBAL_ACCENT_COLOR_NAME = AccentColor;
				CODE_SIGN_STYLE = Automatic;
				CURRENT_PROJECT_VERSION = 1;
				DEVELOPMENT_ASSET_PATHS = "\"Translate-Me/Preview Content\"";
				ENABLE_PREVIEWS = YES;
				GENERATE_INFOPLIST_FILE = YES;
				INFOPLIST_KEY_UIApplicationSceneManifest_Generation = YES;
				INFOPLIST_KEY_UIApplicationSupportsIndirectInputEvents = YES;
				INFOPLIST_KEY_UILaunchScreen_Generation = YES;
				INFOPLIST_KEY_UISupportedInterfaceOrientations_iPad = "UIInterfaceOrientationPortrait UIInterfaceOrientationPortraitUpsideDown UIInterfaceOrientationLandscapeLeft UIInterfaceOrientationLandscapeRight";
				INFOPLIST_KEY_UISupportedInterfaceOrientations_iPhone = "UIInterfaceOrientationPortrait UIInterfaceOrientationLandscapeLeft UIInterfaceOrientationLandscapeRight";
				LD_RUNPATH_SEARCH_PATHS = (
					"$(inherited)",
					"@executable_path/Frameworks",
				);
				MARKETING_VERSION = 1.0;
				PRODUCT_BUNDLE_IDENTIFIER = "com.example.Translate-Me";
				PRODUCT_NAME = "$(TARGET_NAME)";
				SWIFT_EMIT_LOC_STRINGS = YES;
				SWIFT_VERSION = 5.0;
				TARGETED_DEVICE_FAMILY = "1,2";
			};
			name = Debug;
		};
		991212682BC3B2E800CABF50 /* Release */ = {
			isa = XCBuildConfiguration;
			buildSettings = {
				ASSETCATALOG_COMPILER_APPICON_NAME = AppIcon;
				ASSETCATALOG_COMPILER_GLOBAL_ACCENT_COLOR_NAME = AccentColor;
				CODE_SIGN_STYLE = Automatic;
				CURRENT_PROJECT_VERSION = 1;
				DEVELOPMENT_ASSET_PATHS = "\"Translate-Me/Preview Content\"";
				ENABLE_PREVIEWS = YES;
				GENERATE_INFOPLIST_FILE = YES;
				INFOPLIST_KEY_UIApplicationSceneManifest_Generation = YES;
				INFOPLIST_KEY_UIApplicationSupportsIndirectInputEvents = YES;
				INFOPLIST_KEY_UILaunchScreen_Generation = YES;
				INFOPLIST_KEY_UISupportedInterfaceOrientations_iPad = "UIInterfaceOrientationPortrait UIInterfaceOrientationPortraitUpsideDown UIInterfaceOrientationLandscapeLeft UIInterfaceOrientationLandscapeRight";
				INFOPLIST_KEY_UISupportedInterfaceOrientations_iPhone = "UIInterfaceOrientationPortrait UIInterfaceOrientationLandscapeLeft UIInterfaceOrientationLandscapeRight";
				LD_RUNPATH_SEARCH_PATHS = (
					"$(inherited)",
					"@executable_path/Frameworks",
				);
				MARKETING_VERSION = 1.0;
				PRODUCT_BUNDLE_IDENTIFIER = "com.example.Translate-Me";
				PRODUCT_NAME = "$(TARGET_NAME)";
				SWIFT_EMIT_LOC_STRINGS = YES;
				SWIFT_VERSION = 5.0;
				TARGETED_DEVICE_FAMILY = "1,2";
			};
			name = Release;
		};
		9912126A2BC3B2E800CABF50 /* Debug */ = {
			isa = XCBuildConfiguration;
			buildSettings = {
				ALWAYS_EMBED_SWIFT_STANDARD_LIBRARIES = YES;
				BUNDLE_LOADER = "$(TEST_HOST)";
				CODE_SIGN_STYLE = Automatic;
				CURRENT_PROJECT_VERSION = 1;
				GENERATE_INFOPLIST_FILE = YES;
				IPHONEOS_DEPLOYMENT_TARGET = 17.4;
				MARKETING_VERSION = 1.0;
				PRODUCT_BUNDLE_IDENTIFIER = "com.example.Translate-MeTests";
				PRODUCT_NAME = "$(TARGET_NAME)";
				SWIFT_EMIT_LOC_STRINGS = NO;
				SWIFT_VERSION = 5.0;
				TARGETED_DEVICE_FAMILY = "1,2";
				TEST_HOST = "$(BUILT_PRODUCTS_DIR)/Translate-Me.app/$(BUNDLE_EXECUTABLE_FOLDER_PATH)/Translate-Me";
			};
			name = Debug;
		};
		9912126B2BC3B2E800CABF50 /* Release */ = {
			isa = XCBuildConfiguration;
			buildSettings = {
				ALWAYS_EMBED_SWIFT_STANDARD_LIBRARIES = YES;
				BUNDLE_LOADER = "$(TEST_HOST)";
				CODE_SIGN_STYLE = Automatic;
				CURRENT_PROJECT_VERSION = 1;
				GENERATE_INFOPLIST_FILE = YES;
				IPHONEOS_DEPLOYMENT_TARGET = 17.4;
				MARKETING_VERSION = 1.0;
				PRODUCT_BUNDLE_IDENTIFIER = "com.example.Translate-MeTests";
				PRODUCT_NAME = "$(TARGET_NAME)";
				SWIFT_EMIT_LOC_STRINGS = NO;
				SWIFT_VERSION = 5.0;
				TARGETED_DEVICE_FAMILY = "1,2";
				TEST_HOST = "$(BUILT_PRODUCTS_DIR)/Translate-Me.app/$(BUNDLE_EXECUTABLE_FOLDER_PATH)/Translate-Me";
			};
			name = Release;
		};
		9912126D2BC3B2E800CABF50 /* Debug */ = {
			isa = XCBuildConfiguration;
			buildSettings = {
				ALWAYS_EMBED_SWIFT_STANDARD_LIBRARIES = YES;
				CODE_SIGN_STYLE = Automatic;
				CURRENT_PROJECT_VERSION = 1;
				GENERATE_INFOPLIST_FILE = YES;
				MARKETING_VERSION = 1.0;
				PRODUCT_BUNDLE_IDENTIFIER = "com.example.Translate-MeUITests";
				PRODUCT_NAME = "$(TARGET_NAME)";
				SWIFT_EMIT_LOC_STRINGS = NO;
				SWIFT_VERSION = 5.0;
				TARGETED_DEVICE_FAMILY = "1,2";
				TEST_TARGET_NAME = "Translate-Me";
			};
			name = Debug;
		};
		9912126E2BC3B2E800CABF50 /* Release */ = {
			isa = XCBuildConfiguration;
			buildSettings = {
				ALWAYS_EMBED_SWIFT_STANDARD_LIBRARIES = YES;
				CODE_SIGN_STYLE = Automatic;
				CURRENT_PROJECT_VERSION = 1;
				GENERATE_INFOPLIST_FILE = YES;
				MARKETING_VERSION = 1.0;
				PRODUCT_BUNDLE_IDENTIFIER = "com.example.Translate-MeUITests";
				PRODUCT_NAME = "$(TARGET_NAME)";
				SWIFT_EMIT_LOC_STRINGS = NO;
				SWIFT_VERSION = 5.0;
				TARGETED_DEVICE_FAMILY = "1,2";
				TEST_TARGET_NAME = "Translate-Me";
			};
			name = Release;
		};
/* End XCBuildConfiguration section */

/* Begin XCConfigurationList section */
		9912123D2BC3B2E500CABF50 /* Build configuration list for PBXProject "Translate-Me" */ = {
			isa = XCConfigurationList;
			buildConfigurations = (
				991212642BC3B2E800CABF50 /* Debug */,
				991212652BC3B2E800CABF50 /* Release */,
			);
			defaultConfigurationIsVisible = 0;
			defaultConfigurationName = Release;
		};
		991212662BC3B2E800CABF50 /* Build configuration list for PBXNativeTarget "Translate-Me" */ = {
			isa = XCConfigurationList;
			buildConfigurations = (
				991212672BC3B2E800CABF50 /* Debug */,
				991212682BC3B2E800CABF50 /* Release */,
			);
			defaultConfigurationIsVisible = 0;
			defaultConfigurationName = Release;
		};
		991212692BC3B2E800CABF50 /* Build configuration list for PBXNativeTarget "Translate-MeTests" */ = {
			isa = XCConfigurationList;
			buildConfigurations = (
				9912126A2BC3B2E800CABF50 /* Debug */,
				9912126B2BC3B2E800CABF50 /* Release */,
			);
			defaultConfigurationIsVisible = 0;
			defaultConfigurationName = Release;
		};
		9912126C2BC3B2E800CABF50 /* Build configuration list for PBXNativeTarget "Translate-MeUITests" */ = {
			isa = XCConfigurationList;
			buildConfigurations = (
				9912126D2BC3B2E800CABF50 /* Debug */,
				9912126E2BC3B2E800CABF50 /* Release */,
			);
			defaultConfigurationIsVisible = 0;
			defaultConfigurationName = Release;
		};
/* End XCConfigurationList section */
	};
	rootObject = 9912123A2BC3B2E500CABF50 /* Project object */;
}
